
Microsoft Visual Studio Solution File, Format Version 12.00
# Visual Studio Version 17
VisualStudioVersion = 17.6.33829.357
MinimumVisualStudioVersion = 10.0.40219.1
Project("{FAE04EC0-301F-11D3-BF4B-00C04F79EFBC}") = "ElGamalCipher", "ElGamalCipher\ElGamalCipher.csproj", "{F77872F6-EFD7-4C42-B86E-DBD6BACE1D00}"
EndProject
Global
	GlobalSection(SolutionConfigurationPlatforms) = preSolution
		Debug|Any CPU = Debug|Any CPU
		Release|Any CPU = Release|Any CPU
	EndGlobalSection
	GlobalSection(ProjectConfigurationPlatforms) = postSolution
		{F77872F6-EFD7-4C42-B86E-DBD6BACE1D00}.Debug|Any CPU.ActiveCfg = Debug|Any CPU
		{F77872F6-EFD7-4C42-B86E-DBD6BACE1D00}.Debug|Any CPU.Build.0 = Debug|Any CPU
		{F77872F6-EFD7-4C42-B86E-DBD6BACE1D00}.Release|Any CPU.ActiveCfg = Release|Any CPU
		{F77872F6-EFD7-4C42-B86E-DBD6BACE1D00}.Release|Any CPU.Build.0 = Release|Any CPU
	EndGlobalSection
	GlobalSection(SolutionProperties) = preSolution
		HideSolutionNode = FALSE
	EndGlobalSection
	GlobalSection(ExtensibilityGlobals) = postSolution
		SolutionGuid = {E53861C1-075E-4A38-B8D1-5F3BDD44B39E}
	EndGlobalSection
EndGlobal
